
Microsoft Visual Studio Solution File, Format Version 12.00
# Visual Studio Version 16
VisualStudioVersion = 16.0.31313.79
MinimumVisualStudioVersion = 10.0.40219.1
Project("{2150E333-8FDC-42A3-9474-1A3956D46DE8}") = "Services", "Services", "{7B4EB24A-3E25-4F36-B798-570BCD2873BA}"
EndProject
Project("{2150E333-8FDC-42A3-9474-1A3956D46DE8}") = "Ordering", "Ordering", "{B76E632F-A310-4197-8FCB-DE9DF5A14C44}"
EndProject
Project("{FAE04EC0-301F-11D3-BF4B-00C04F79EFBC}") = "Ordering.API", "Services\Ordering\Ordering.API\Ordering.API.csproj", "{E30F367F-4E46-4CCE-B4AC-48550BD3749B}"
EndProject
Project("{2150E333-8FDC-42A3-9474-1A3956D46DE8}") = "Catalog", "Catalog", "{C09D84B0-B7BC-45B9-A3FB-565770D90BC6}"
EndProject
Project("{9A19103F-16F7-4668-BE54-9A1E7A4F7556}") = "Catalog.API", "Services\Catalog\Catalog.API\Catalog.API.csproj", "{3C698A9D-C089-47AB-A138-9A81B94CAF66}"
EndProject
Project("{E53339B2-1760-4266-BCC7-CA923CBCF16C}") = "docker-compose", "docker-compose.dcproj", "{8543915B-564D-4457-9900-78CA3F41DAC3}"
EndProject
Project("{2150E333-8FDC-42A3-9474-1A3956D46DE8}") = "Basket", "Basket", "{41ECC1FA-EA6F-4E1B-AA3E-92E74B1D53ED}"
EndProject
Project("{FAE04EC0-301F-11D3-BF4B-00C04F79EFBC}") = "Basket.API", "Services\Basket\Basket.API\Basket.API.csproj", "{91B7E590-8474-494F-BF7D-D072A4C14ECF}"
EndProject
Project("{2150E333-8FDC-42A3-9474-1A3956D46DE8}") = "src", "src", "{D7561E01-4996-4699-ADF6-FAD98EE08F66}"
EndProject
Project("{2150E333-8FDC-42A3-9474-1A3956D46DE8}") = "BuildingBlocks", "BuildingBlocks", "{D3977592-1790-4932-89AB-5C52AF38D6A1}"
EndProject
Project("{2150E333-8FDC-42A3-9474-1A3956D46DE8}") = "EventBus.Messages", "EventBus.Messages", "{4826C895-91F2-491E-BAA7-45C8B39ED917}"
EndProject
Project("{FAE04EC0-301F-11D3-BF4B-00C04F79EFBC}") = "EventBus.Messages", "BuildingBlocks\EventBus.Messages\EventBus.Messages.csproj", "{2E9962B6-E684-4D3B-80F7-50EE9B67ED3A}"
EndProject
Project("{2150E333-8FDC-42A3-9474-1A3956D46DE8}") = "ApiGateways", "ApiGateways", "{D0C473D6-6BE9-4DDA-8BF1-13AD39A8B36E}"
EndProject
Project("{2150E333-8FDC-42A3-9474-1A3956D46DE8}") = "OcelotApiGw", "OcelotApiGw", "{32FD18F6-BBDF-4AEC-A2E1-276653206E52}"
EndProject
Project("{FAE04EC0-301F-11D3-BF4B-00C04F79EFBC}") = "OcelotApiGw", "ApiGateways\OcelotApiGw\OcelotApiGw\OcelotApiGw.csproj", "{D0AE0B07-9FD0-43F4-960C-AE760D6E00C9}"
EndProject
Global
	GlobalSection(SolutionConfigurationPlatforms) = preSolution
		Debug|Any CPU = Debug|Any CPU
		Release|Any CPU = Release|Any CPU
	EndGlobalSection
	GlobalSection(ProjectConfigurationPlatforms) = postSolution
		{E30F367F-4E46-4CCE-B4AC-48550BD3749B}.Debug|Any CPU.ActiveCfg = Debug|Any CPU
		{E30F367F-4E46-4CCE-B4AC-48550BD3749B}.Debug|Any CPU.Build.0 = Debug|Any CPU
		{E30F367F-4E46-4CCE-B4AC-48550BD3749B}.Release|Any CPU.ActiveCfg = Release|Any CPU
		{E30F367F-4E46-4CCE-B4AC-48550BD3749B}.Release|Any CPU.Build.0 = Release|Any CPU
		{3C698A9D-C089-47AB-A138-9A81B94CAF66}.Debug|Any CPU.ActiveCfg = Debug|Any CPU
		{3C698A9D-C089-47AB-A138-9A81B94CAF66}.Debug|Any CPU.Build.0 = Debug|Any CPU
		{3C698A9D-C089-47AB-A138-9A81B94CAF66}.Release|Any CPU.ActiveCfg = Release|Any CPU
		{3C698A9D-C089-47AB-A138-9A81B94CAF66}.Release|Any CPU.Build.0 = Release|Any CPU
		{8543915B-564D-4457-9900-78CA3F41DAC3}.Debug|Any CPU.ActiveCfg = Debug|Any CPU
		{8543915B-564D-4457-9900-78CA3F41DAC3}.Debug|Any CPU.Build.0 = Debug|Any CPU
		{8543915B-564D-4457-9900-78CA3F41DAC3}.Release|Any CPU.ActiveCfg = Release|Any CPU
		{8543915B-564D-4457-9900-78CA3F41DAC3}.Release|Any CPU.Build.0 = Release|Any CPU
		{91B7E590-8474-494F-BF7D-D072A4C14ECF}.Debug|Any CPU.ActiveCfg = Debug|Any CPU
		{91B7E590-8474-494F-BF7D-D072A4C14ECF}.Debug|Any CPU.Build.0 = Debug|Any CPU
		{91B7E590-8474-494F-BF7D-D072A4C14ECF}.Release|Any CPU.ActiveCfg = Release|Any CPU
		{91B7E590-8474-494F-BF7D-D072A4C14ECF}.Release|Any CPU.Build.0 = Release|Any CPU
		{2E9962B6-E684-4D3B-80F7-50EE9B67ED3A}.Debug|Any CPU.ActiveCfg = Debug|Any CPU
		{2E9962B6-E684-4D3B-80F7-50EE9B67ED3A}.Debug|Any CPU.Build.0 = Debug|Any CPU
		{2E9962B6-E684-4D3B-80F7-50EE9B67ED3A}.Release|Any CPU.ActiveCfg = Release|Any CPU
		{2E9962B6-E684-4D3B-80F7-50EE9B67ED3A}.Release|Any CPU.Build.0 = Release|Any CPU
		{D0AE0B07-9FD0-43F4-960C-AE760D6E00C9}.Debug|Any CPU.ActiveCfg = Debug|Any CPU
		{D0AE0B07-9FD0-43F4-960C-AE760D6E00C9}.Debug|Any CPU.Build.0 = Debug|Any CPU
		{D0AE0B07-9FD0-43F4-960C-AE760D6E00C9}.Release|Any CPU.ActiveCfg = Release|Any CPU
		{D0AE0B07-9FD0-43F4-960C-AE760D6E00C9}.Release|Any CPU.Build.0 = Release|Any CPU
	EndGlobalSection
	GlobalSection(SolutionProperties) = preSolution
		HideSolutionNode = FALSE
	EndGlobalSection
	GlobalSection(NestedProjects) = preSolution
		{B76E632F-A310-4197-8FCB-DE9DF5A14C44} = {7B4EB24A-3E25-4F36-B798-570BCD2873BA}
		{E30F367F-4E46-4CCE-B4AC-48550BD3749B} = {B76E632F-A310-4197-8FCB-DE9DF5A14C44}
		{C09D84B0-B7BC-45B9-A3FB-565770D90BC6} = {7B4EB24A-3E25-4F36-B798-570BCD2873BA}
		{3C698A9D-C089-47AB-A138-9A81B94CAF66} = {C09D84B0-B7BC-45B9-A3FB-565770D90BC6}
		{41ECC1FA-EA6F-4E1B-AA3E-92E74B1D53ED} = {7B4EB24A-3E25-4F36-B798-570BCD2873BA}
		{91B7E590-8474-494F-BF7D-D072A4C14ECF} = {41ECC1FA-EA6F-4E1B-AA3E-92E74B1D53ED}
		{7B4EB24A-3E25-4F36-B798-570BCD2873BA} = {D7561E01-4996-4699-ADF6-FAD98EE08F66}
		{D3977592-1790-4932-89AB-5C52AF38D6A1} = {D7561E01-4996-4699-ADF6-FAD98EE08F66}
		{4826C895-91F2-491E-BAA7-45C8B39ED917} = {D3977592-1790-4932-89AB-5C52AF38D6A1}
		{2E9962B6-E684-4D3B-80F7-50EE9B67ED3A} = {4826C895-91F2-491E-BAA7-45C8B39ED917}
		{D0C473D6-6BE9-4DDA-8BF1-13AD39A8B36E} = {D7561E01-4996-4699-ADF6-FAD98EE08F66}
		{32FD18F6-BBDF-4AEC-A2E1-276653206E52} = {D0C473D6-6BE9-4DDA-8BF1-13AD39A8B36E}
		{D0AE0B07-9FD0-43F4-960C-AE760D6E00C9} = {32FD18F6-BBDF-4AEC-A2E1-276653206E52}
	EndGlobalSection
	GlobalSection(ExtensibilityGlobals) = postSolution
		SolutionGuid = {9623B88C-026A-45C5-998E-42210137486F}
	EndGlobalSection
EndGlobal
